
Microsoft Visual Studio Solution File, Format Version 11.00
# Visual C++ Express 2010
Project("{8BC9CEB8-8B4A-11D0-8D11-00A0C91BC942}") = "stk_VCC", "stk_VCC.vcxproj", "{C75DB4AB-90A9-4F55-BB70-2D642F1F3A40}"
EndProject
Global
	GlobalSection(SolutionConfigurationPlatforms) = preSolution
		Debug|Win32 = Debug|Win32
		Release|Win32 = Release|Win32
	EndGlobalSection
	GlobalSection(ProjectConfigurationPlatforms) = postSolution
		{C75DB4AB-90A9-4F55-BB70-2D642F1F3A40}.Debug|Win32.ActiveCfg = Debug|Win32
		{C75DB4AB-90A9-4F55-BB70-2D642F1F3A40}.Debug|Win32.Build.0 = Debug|Win32
		{C75DB4AB-90A9-4F55-BB70-2D642F1F3A40}.Release|Win32.ActiveCfg = Release|Win32
		{C75DB4AB-90A9-4F55-BB70-2D642F1F3A40}.Release|Win32.Build.0 = Release|Win32
	EndGlobalSection
	GlobalSection(SolutionProperties) = preSolution
		HideSolutionNode = FALSE
	EndGlobalSection
EndGlobal
